
Microsoft Visual Studio Solution File, Format Version 12.00
# Visual Studio 14
VisualStudioVersion = 14.0.25420.1
MinimumVisualStudioVersion = 10.0.40219.1
Project("{FAE04EC0-301F-11D3-BF4B-00C04F79EFBC}") = "SlnStore.Web", "SlnStore.Web\SlnStore.Web.csproj", "{B72A1A75-592C-43C9-9428-76F20B52F47A}"
EndProject
Project("{FAE04EC0-301F-11D3-BF4B-00C04F79EFBC}") = "SlnStore.Desktop", "SlnStore.Desktop\SlnStore.Desktop.csproj", "{6F0A24C4-BCAE-44A2-803D-23910A0C8BB7}"
EndProject
Global
	GlobalSection(SolutionConfigurationPlatforms) = preSolution
		Debug|Any CPU = Debug|Any CPU
		Release|Any CPU = Release|Any CPU
	EndGlobalSection
	GlobalSection(ProjectConfigurationPlatforms) = postSolution
		{B72A1A75-592C-43C9-9428-76F20B52F47A}.Debug|Any CPU.ActiveCfg = Debug|Any CPU
		{B72A1A75-592C-43C9-9428-76F20B52F47A}.Debug|Any CPU.Build.0 = Debug|Any CPU
		{B72A1A75-592C-43C9-9428-76F20B52F47A}.Release|Any CPU.ActiveCfg = Release|Any CPU
		{B72A1A75-592C-43C9-9428-76F20B52F47A}.Release|Any CPU.Build.0 = Release|Any CPU
		{6F0A24C4-BCAE-44A2-803D-23910A0C8BB7}.Debug|Any CPU.ActiveCfg = Debug|Any CPU
		{6F0A24C4-BCAE-44A2-803D-23910A0C8BB7}.Debug|Any CPU.Build.0 = Debug|Any CPU
		{6F0A24C4-BCAE-44A2-803D-23910A0C8BB7}.Release|Any CPU.ActiveCfg = Release|Any CPU
		{6F0A24C4-BCAE-44A2-803D-23910A0C8BB7}.Release|Any CPU.Build.0 = Release|Any CPU
	EndGlobalSection
	GlobalSection(SolutionProperties) = preSolution
		HideSolutionNode = FALSE
	EndGlobalSection
EndGlobal
